
Microsoft Visual Studio Solution File, Format Version 12.00
# Visual Studio Version 16
VisualStudioVersion = 16.0.30907.101
MinimumVisualStudioVersion = 10.0.40219.1
Project("{FAE04EC0-301F-11D3-BF4B-00C04F79EFBC}") = "GameOfCSharp", "GameOfCSharp\GameOfCSharp.csproj", "{A32BF3A6-CA25-497B-83FD-42D11C4897D2}"
EndProject
Global
	GlobalSection(SolutionConfigurationPlatforms) = preSolution
		Debug|Any CPU = Debug|Any CPU
		Release|Any CPU = Release|Any CPU
	EndGlobalSection
	GlobalSection(ProjectConfigurationPlatforms) = postSolution
		{A32BF3A6-CA25-497B-83FD-42D11C4897D2}.Debug|Any CPU.ActiveCfg = Debug|Any CPU
		{A32BF3A6-CA25-497B-83FD-42D11C4897D2}.Debug|Any CPU.Build.0 = Debug|Any CPU
		{A32BF3A6-CA25-497B-83FD-42D11C4897D2}.Release|Any CPU.ActiveCfg = Release|Any CPU
		{A32BF3A6-CA25-497B-83FD-42D11C4897D2}.Release|Any CPU.Build.0 = Release|Any CPU
	EndGlobalSection
	GlobalSection(SolutionProperties) = preSolution
		HideSolutionNode = FALSE
	EndGlobalSection
	GlobalSection(ExtensibilityGlobals) = postSolution
		SolutionGuid = {A8E20576-0B62-4BEB-A745-5353F041D241}
	EndGlobalSection
EndGlobal
